{
  "nodes": {
    "flake-utils": {
      "inputs": {
        "systems": "systems"
      },
      "locked": {
        "lastModified": 1731533236,
        "narHash": "sha256-l0KFg5HjrsfsO/JpG+r7fRrqm12kzFHyUHqHCVpMMbI=",
        "owner": "numtide",
        "repo": "flake-utils",
        "rev": "11707dc2f618dd54ca8739b309ec4fc024de578b",
        "type": "github"
      },
      "original": {
        "owner": "numtide",
        "repo": "flake-utils",
        "type": "github"
      }
    },
    "home-manager": {
      "inputs": {
        "nixpkgs": [
          "nixpkgs"
        ]
      },
      "locked": {
        "lastModified": 1752814804,
        "narHash": "sha256-irfg7lnfEpJY+3Cffkluzp2MTVw1Uq9QGxFp6qadcXI=",
        "owner": "nix-community",
        "repo": "home-manager",
        "rev": "d0300c8808e41da81d6edfc202f3d3833c157daf",
        "type": "github"
      },
      "original": {
        "owner": "nix-community",
        "repo": "home-manager",
        "type": "github"
      }
    },
    "nix4nvchad": {
      "inputs": {
        "flake-utils": "flake-utils",
        "nixpkgs": [
          "nixpkgs"
        ],
        "nvchad-starter": [
          "nvchad-starter"
        ]
      },
      "locked": {
        "lastModified": 1752905403,
        "narHash": "sha256-RvfBiTfnBWdF+Ngvuh28ZcqtSSslgQcwCzDik2NfBUY=",
        "owner": "nix-community",
        "repo": "nix4nvchad",
        "rev": "a9d24fcf7a9b06dbbd2cedb437804a111f78a997",
        "type": "github"
      },
      "original": {
        "owner": "nix-community",
        "repo": "nix4nvchad",
        "type": "github"
      }
    },
    "nixpkgs": {
      "locked": {
        "lastModified": 1752687322,
        "narHash": "sha256-RKwfXA4OZROjBTQAl9WOZQFm7L8Bo93FQwSJpAiSRvo=",
        "owner": "NixOS",
        "repo": "nixpkgs",
        "rev": "6e987485eb2c77e5dcc5af4e3c70843711ef9251",
        "type": "github"
      },
      "original": {
        "owner": "NixOS",
        "ref": "nixos-unstable",
        "repo": "nixpkgs",
        "type": "github"
      }
    },
    "nvchad-starter": {
      "flake": false,
      "locked": {
        "lastModified": 1752945057,
        "narHash": "sha256-Y3JbwiBtawthxxRMUP8V86yGDR9hOLYB6c2DCrV5Rq0=",
        "owner": "Tesser3kt",
        "repo": "nvchad-starter",
        "rev": "00d7f14bb638b904773f8e1f17bdfeeffa0eead9",
        "type": "github"
      },
      "original": {
        "owner": "Tesser3kt",
        "repo": "nvchad-starter",
        "type": "github"
      }
    },
    "root": {
      "inputs": {
        "home-manager": "home-manager",
        "nix4nvchad": "nix4nvchad",
        "nixpkgs": "nixpkgs",
        "nvchad-starter": "nvchad-starter"
      }
    },
    "systems": {
      "locked": {
        "lastModified": 1681028828,
        "narHash": "sha256-Vy1rq5AaRuLzOxct8nz4T6wlgyUR7zLU309k9mBC768=",
        "owner": "nix-systems",
        "repo": "default",
        "rev": "da67096a3b9bf56a91d16901293e51ba5b49a27e",
        "type": "github"
      },
      "original": {
        "owner": "nix-systems",
        "repo": "default",
        "type": "github"
      }
    }
  },
  "root": "root",
  "version": 7
}
